PODS:
  - MJRefresh (3.1.17)
  - WBNoDataView (1.0.0):
    - MJRefresh (~> 3.1.0)

DEPENDENCIES:
  - WBNoDataView (from `../`)

SPEC REPOS:
  https://github.com/cocoapods/specs.git:
    - MJRefresh

EXTERNAL SOURCES:
  WBNoDataView:
    :path: "../"

SPEC CHECKSUMS:
  MJRefresh: ee5b68f639775462faba4db0fd243baf4d42c2cf
  WBNoDataView: df890f1590764ab9df39df0201e03348caca81a1

PODFILE CHECKSUM: ac2ad0c7ef550a9e05a088f37bb37514deec3621

COCOAPODS: 1.6.1
